// !$*UTF8*$!
{
	archiveVersion = 1;
	classes = {
	};
	objectVersion = 50;
	objects = {

/* Begin PBXBuildFile section */
		6A3220EC22C66A6800F80D2D /* AppDelegate.swift in Sources */ = {isa = PBXBuildFile; fileRef = 6A3220EB22C66A6800F80D2D /* AppDelegate.swift */; };
		6A3220F122C66A6800F80D2D /* Main.storyboard in Resources */ = {isa = PBXBuildFile; fileRef = 6A3220EF22C66A6800F80D2D /* Main.storyboard */; };
		6A3220F322C66A6900F80D2D /* Assets.xcassets in Resources */ = {isa = PBXBuildFile; fileRef = 6A3220F222C66A6900F80D2D /* Assets.xcassets */; };
		6A3220F622C66A6900F80D2D /* LaunchScreen.storyboard in Resources */ = {isa = PBXBuildFile; fileRef = 6A3220F422C66A6900F80D2D /* LaunchScreen.storyboard */; };
		6A3220FF22C66AA300F80D2D /* Movie.swift in Sources */ = {isa = PBXBuildFile; fileRef = 6A3220FE22C66AA300F80D2D /* Movie.swift */; };
		6A32210222C66AB900F80D2D /* MovieController.swift in Sources */ = {isa = PBXBuildFile; fileRef = 6A32210122C66AB900F80D2D /* MovieController.swift */; };
		6A32210522C68B8C00F80D2D /* MovieTableViewController.swift in Sources */ = {isa = PBXBuildFile; fileRef = 6A32210422C68B8C00F80D2D /* MovieTableViewController.swift */; };
		6A32210722C68BDF00F80D2D /* MovieTableViewCell.swift in Sources */ = {isa = PBXBuildFile; fileRef = 6A32210622C68BDF00F80D2D /* MovieTableViewCell.swift */; };
/* End PBXBuildFile section */

/* Begin PBXFileReference section */
		6A3220E822C66A6800F80D2D /* MovieAssesment.app */ = {isa = PBXFileReference; explicitFileType = wrapper.application; includeInIndex = 0; path = MovieAssesment.app; sourceTree = BUILT_PRODUCTS_DIR; };
		6A3220EB22C66A6800F80D2D /* AppDelegate.swift */ = {isa = PBXFileReference; lastKnownFileType = sourcecode.swift; path = AppDelegate.swift; sourceTree = "<group>"; };
		6A3220F022C66A6800F80D2D /* Base */ = {isa = PBXFileReference; lastKnownFileType = file.storyboard; name = Base; path = Base.lproj/Main.storyboard; sourceTree = "<group>"; };
		6A3220F222C66A6900F80D2D /* Assets.xcassets */ = {isa = PBXFileReference; lastKnownFileType = folder.assetcatalog; path = Assets.xcassets; sourceTree = "<group>"; };
		6A3220F522C66A6900F80D2D /* Base */ = {isa = PBXFileReference; lastKnownFileType = file.storyboard; name = Base; path = Base.lproj/LaunchScreen.storyboard; sourceTree = "<group>"; };
		6A3220F722C66A6900F80D2D /* Info.plist */ = {isa = PBXFileReference; lastKnownFileType = text.plist.xml; path = Info.plist; sourceTree = "<group>"; };
		6A3220FE22C66AA300F80D2D /* Movie.swift */ = {isa = PBXFileReference; lastKnownFileType = sourcecode.swift; path = Movie.swift; sourceTree = "<group>"; };
		6A32210122C66AB900F80D2D /* MovieController.swift */ = {isa = PBXFileReference; lastKnownFileType = sourcecode.swift; path = MovieController.swift; sourceTree = "<group>"; };
		6A32210422C68B8C00F80D2D /* MovieTableViewController.swift */ = {isa = PBXFileReference; lastKnownFileType = sourcecode.swift; path = MovieTableViewController.swift; sourceTree = "<group>"; };
		6A32210622C68BDF00F80D2D /* MovieTableViewCell.swift */ = {isa = PBXFileReference; lastKnownFileType = sourcecode.swift; path = MovieTableViewCell.swift; sourceTree = "<group>"; };
/* End PBXFileReference section */

/* Begin PBXFrameworksBuildPhase section */
		6A3220E522C66A6800F80D2D /* Frameworks */ = {
			isa = PBXFrameworksBuildPhase;
			buildActionMask = 2147483647;
			files = (
			);
			runOnlyForDeploymentPostprocessing = 0;
		};
/* End PBXFrameworksBuildPhase section */

/* Begin PBXGroup section */
		6A3220DF22C66A6800F80D2D = {
			isa = PBXGroup;
			children = (
				6A3220EA22C66A6800F80D2D /* MovieAssesment */,
				6A3220E922C66A6800F80D2D /* Products */,
			);
			sourceTree = "<group>";
		};
		6A3220E922C66A6800F80D2D /* Products */ = {
			isa = PBXGroup;
			children = (
				6A3220E822C66A6800F80D2D /* MovieAssesment.app */,
			);
			name = Products;
			sourceTree = "<group>";
		};
		6A3220EA22C66A6800F80D2D /* MovieAssesment */ = {
			isa = PBXGroup;
			children = (
				6A3220FD22C66A8500F80D2D /* Resources */,
				6A32210022C66AA800F80D2D /* Model */,
				6A32210322C66ABF00F80D2D /* Model Controller */,
				6A32210822C68BF100F80D2D /* VIew Controller */,
			);
			path = MovieAssesment;
			sourceTree = "<group>";
		};
		6A3220FD22C66A8500F80D2D /* Resources */ = {
			isa = PBXGroup;
			children = (
				6A3220EB22C66A6800F80D2D /* AppDelegate.swift */,
				6A3220EF22C66A6800F80D2D /* Main.storyboard */,
				6A3220F222C66A6900F80D2D /* Assets.xcassets */,
				6A3220F422C66A6900F80D2D /* LaunchScreen.storyboard */,
				6A3220F722C66A6900F80D2D /* Info.plist */,
			);
			path = Resources;
			sourceTree = "<group>";
		};
		6A32210022C66AA800F80D2D /* Model */ = {
			isa = PBXGroup;
			children = (
				6A3220FE22C66AA300F80D2D /* Movie.swift */,
			);
			path = Model;
			sourceTree = "<group>";
		};
		6A32210322C66ABF00F80D2D /* Model Controller */ = {
			isa = PBXGroup;
			children = (
				6A32210122C66AB900F80D2D /* MovieController.swift */,
			);
			path = "Model Controller";
			sourceTree = "<group>";
		};
		6A32210822C68BF100F80D2D /* VIew Controller */ = {
			isa = PBXGroup;
			children = (
				6A32210422C68B8C00F80D2D /* MovieTableViewController.swift */,
				6A32210622C68BDF00F80D2D /* MovieTableViewCell.swift */,
			);
			path = "VIew Controller";
			sourceTree = "<group>";
		};
/* End PBXGroup section */

/* Begin PBXNativeTarget section */
		6A3220E722C66A6800F80D2D /* MovieAssesment */ = {
			isa = PBXNativeTarget;
			buildConfigurationList = 6A3220FA22C66A6900F80D2D /* Build configuration list for PBXNativeTarget "MovieAssesment" */;
			buildPhases = (
				6A3220E422C66A6800F80D2D /* Sources */,
				6A3220E522C66A6800F80D2D /* Frameworks */,
				6A3220E622C66A6800F80D2D /* Resources */,
			);
			buildRules = (
			);
			dependencies = (
			);
			name = MovieAssesment;
			productName = MovieAssesment;
			productReference = 6A3220E822C66A6800F80D2D /* MovieAssesment.app */;
			productType = "com.apple.product-type.application";
		};
/* End PBXNativeTarget section */

/* Begin PBXProject section */
		6A3220E022C66A6800F80D2D /* Project object */ = {
			isa = PBXProject;
			attributes = {
				LastSwiftUpdateCheck = 1020;
				LastUpgradeCheck = 1020;
				ORGANIZATIONNAME = "Julia Rodriguez";
				TargetAttributes = {
					6A3220E722C66A6800F80D2D = {
						CreatedOnToolsVersion = 10.2.1;
					};
				};
			};
			buildConfigurationList = 6A3220E322C66A6800F80D2D /* Build configuration list for PBXProject "MovieAssesment" */;
			compatibilityVersion = "Xcode 9.3";
			developmentRegion = en;
			hasScannedForEncodings = 0;
			knownRegions = (
				en,
				Base,
			);
			mainGroup = 6A3220DF22C66A6800F80D2D;
			productRefGroup = 6A3220E922C66A6800F80D2D /* Products */;
			projectDirPath = "";
			projectRoot = "";
			targets = (
				6A3220E722C66A6800F80D2D /* MovieAssesment */,
			);
		};
/* End PBXProject section */

/* Begin PBXResourcesBuildPhase section */
		6A3220E622C66A6800F80D2D /* Resources */ = {
			isa = PBXResourcesBuildPhase;
			buildActionMask = 2147483647;
			files = (
				6A3220F622C66A6900F80D2D /* LaunchScreen.storyboard in Resources */,
				6A3220F322C66A6900F80D2D /* Assets.xcassets in Resources */,
				6A3220F122C66A6800F80D2D /* Main.storyboard in Resources */,
			);
			runOnlyForDeploymentPostprocessing = 0;
		};
/* End PBXResourcesBuildPhase section */

/* Begin PBXSourcesBuildPhase section */
		6A3220E422C66A6800F80D2D /* Sources */ = {
			isa = PBXSourcesBuildPhase;
			buildActionMask = 2147483647;
			files = (
				6A32210722C68BDF00F80D2D /* MovieTableViewCell.swift in Sources */,
				6A32210522C68B8C00F80D2D /* MovieTableViewController.swift in Sources */,
				6A32210222C66AB900F80D2D /* MovieController.swift in Sources */,
				6A3220FF22C66AA300F80D2D /* Movie.swift in Sources */,
				6A3220EC22C66A6800F80D2D /* AppDelegate.swift in Sources */,
			);
			runOnlyForDeploymentPostprocessing = 0;
		};
/* End PBXSourcesBuildPhase section */

/* Begin PBXVariantGroup section */
		6A3220EF22C66A6800F80D2D /* Main.storyboard */ = {
			isa = PBXVariantGroup;
			children = (
				6A3220F022C66A6800F80D2D /* Base */,
			);
			name = Main.storyboard;
			sourceTree = "<group>";
		};
		6A3220F422C66A6900F80D2D /* LaunchScreen.storyboard */ = {
			isa = PBXVariantGroup;
			children = (
				6A3220F522C66A6900F80D2D /* Base */,
			);
			name = LaunchScreen.storyboard;
			sourceTree = "<group>";
		};
/* End PBXVariantGroup section */

/* Begin XCBuildConfiguration section */
		6A3220F822C66A6900F80D2D /* Debug */ = {
			isa = XCBuildConfiguration;
			buildSettings = {
				ALWAYS_SEARCH_USER_PATHS = NO;
				CLANG_ANALYZER_NONNULL = YES;
				CLANG_ANALYZER_NUMBER_OBJECT_CONVERSION = YES_AGGRESSIVE;
				CLANG_CXX_LANGUAGE_STANDARD = "gnu++14";
				CLANG_CXX_LIBRARY = "libc++";
				CLANG_ENABLE_MODULES = YES;
				CLANG_ENABLE_OBJC_ARC = YES;
				CLANG_ENABLE_OBJC_WEAK = YES;
				CLANG_WARN_BLOCK_CAPTURE_AUTORELEASING = YES;
				CLANG_WARN_BOOL_CONVERSION = YES;
				CLANG_WARN_COMMA = YES;
				CLANG_WARN_CONSTANT_CONVERSION = YES;
				CLANG_WARN_DEPRECATED_OBJC_IMPLEMENTATIONS = YES;
				CLANG_WARN_DIRECT_OBJC_ISA_USAGE = YES_ERROR;
				CLANG_WARN_DOCUMENTATION_COMMENTS = YES;
				CLANG_WARN_EMPTY_BODY = YES;
				CLANG_WARN_ENUM_CONVERSION = YES;
				CLANG_WARN_INFINITE_RECURSION = YES;
				CLANG_WARN_INT_CONVERSION = YES;
				CLANG_WARN_NON_LITERAL_NULL_CONVERSION = YES;
				CLANG_WARN_OBJC_IMPLICIT_RETAIN_SELF = YES;
				CLANG_WARN_OBJC_LITERAL_CONVERSION = YES;
				CLANG_WARN_OBJC_ROOT_CLASS = YES_ERROR;
				CLANG_WARN_RANGE_LOOP_ANALYSIS = YES;
				CLANG_WARN_STRICT_PROTOTYPES = YES;
				CLANG_WARN_SUSPICIOUS_MOVE = YES;
				CLANG_WARN_UNGUARDED_AVAILABILITY = YES_AGGRESSIVE;
				CLANG_WARN_UNREACHABLE_CODE = YES;
				CLANG_WARN__DUPLICATE_METHOD_MATCH = YES;
				CODE_SIGN_IDENTITY = "iPhone Developer";
				COPY_PHASE_STRIP = NO;
				DEBUG_INFORMATION_FORMAT = dwarf;
				ENABLE_STRICT_OBJC_MSGSEND = YES;
				ENABLE_TESTABILITY = YES;
				GCC_C_LANGUAGE_STANDARD = gnu11;
				GCC_DYNAMIC_NO_PIC = NO;
				GCC_NO_COMMON_BLOCKS = YES;
				GCC_OPTIMIZATION_LEVEL = 0;
				GCC_PREPROCESSOR_DEFINITIONS = (
					"DEBUG=1",
					"$(inherited)",
				);
				GCC_WARN_64_TO_32_BIT_CONVERSION = YES;
				GCC_WARN_ABOUT_RETURN_TYPE = YES_ERROR;
				GCC_WARN_UNDECLARED_SELECTOR = YES;
				GCC_WARN_UNINITIALIZED_AUTOS = YES_AGGRESSIVE;
				GCC_WARN_UNUSED_FUNCTION = YES;
				GCC_WARN_UNUSED_VARIABLE = YES;
				IPHONEOS_DEPLOYMENT_TARGET = 12.2;
				MTL_ENABLE_DEBUG_INFO = INCLUDE_SOURCE;
				MTL_FAST_MATH = YES;
				ONLY_ACTIVE_ARCH = YES;
				SDKROOT = iphoneos;
				SWIFT_ACTIVE_COMPILATION_CONDITIONS = DEBUG;
				SWIFT_OPTIMIZATION_LEVEL = "-Onone";
			};
			name = Debug;
		};
		6A3220F922C66A6900F80D2D /* Release */ = {
			isa = XCBuildConfiguration;
			buildSettings = {
				ALWAYS_SEARCH_USER_PATHS = NO;
				CLANG_ANALYZER_NONNULL = YES;
				CLANG_ANALYZER_NUMBER_OBJECT_CONVERSION = YES_AGGRESSIVE;
				CLANG_CXX_LANGUAGE_STANDARD = "gnu++14";
				CLANG_CXX_LIBRARY = "libc++";
				CLANG_ENABLE_MODULES = YES;
				CLANG_ENABLE_OBJC_ARC = YES;
				CLANG_ENABLE_OBJC_WEAK = YES;
				CLANG_WARN_BLOCK_CAPTURE_AUTORELEASING = YES;
				CLANG_WARN_BOOL_CONVERSION = YES;
				CLANG_WARN_COMMA = YES;
				CLANG_WARN_CONSTANT_CONVERSION = YES;
				CLANG_WARN_DEPRECATED_OBJC_IMPLEMENTATIONS = YES;
				CLANG_WARN_DIRECT_OBJC_ISA_USAGE = YES_ERROR;
				CLANG_WARN_DOCUMENTATION_COMMENTS = YES;
				CLANG_WARN_EMPTY_BODY = YES;
				CLANG_WARN_ENUM_CONVERSION = YES;
				CLANG_WARN_INFINITE_RECURSION = YES;
				CLANG_WARN_INT_CONVERSION = YES;
				CLANG_WARN_NON_LITERAL_NULL_CONVERSION = YES;
				CLANG_WARN_OBJC_IMPLICIT_RETAIN_SELF = YES;
				CLANG_WARN_OBJC_LITERAL_CONVERSION = YES;
				CLANG_WARN_OBJC_ROOT_CLASS = YES_ERROR;
				CLANG_WARN_RANGE_LOOP_ANALYSIS = YES;
				CLANG_WARN_STRICT_PROTOTYPES = YES;
				CLANG_WARN_SUSPICIOUS_MOVE = YES;
				CLANG_WARN_UNGUARDED_AVAILABILITY = YES_AGGRESSIVE;
				CLANG_WARN_UNREACHABLE_CODE = YES;
				CLANG_WARN__DUPLICATE_METHOD_MATCH = YES;
				CODE_SIGN_IDENTITY = "iPhone Developer";
				COPY_PHASE_STRIP = NO;
				DEBUG_INFORMATION_FORMAT = "dwarf-with-dsym";
				ENABLE_NS_ASSERTIONS = NO;
				ENABLE_STRICT_OBJC_MSGSEND = YES;
				GCC_C_LANGUAGE_STANDARD = gnu11;
				GCC_NO_COMMON_BLOCKS = YES;
				GCC_WARN_64_TO_32_BIT_CONVERSION = YES;
				GCC_WARN_ABOUT_RETURN_TYPE = YES_ERROR;
				GCC_WARN_UNDECLARED_SELECTOR = YES;
				GCC_WARN_UNINITIALIZED_AUTOS = YES_AGGRESSIVE;
				GCC_WARN_UNUSED_FUNCTION = YES;
				GCC_WARN_UNUSED_VARIABLE = YES;
				IPHONEOS_DEPLOYMENT_TARGET = 12.2;
				MTL_ENABLE_DEBUG_INFO = NO;
				MTL_FAST_MATH = YES;
				SDKROOT = iphoneos;
				SWIFT_COMPILATION_MODE = wholemodule;
				SWIFT_OPTIMIZATION_LEVEL = "-O";
				VALIDATE_PRODUCT = YES;
			};
			name = Release;
		};
		6A3220FB22C66A6900F80D2D /* Debug */ = {
			isa = XCBuildConfiguration;
			buildSettings = {
				ASSETCATALOG_COMPILER_APPICON_NAME = AppIcon;
				CODE_SIGN_STYLE = Automatic;
				DEVELOPMENT_TEAM = 899TSM5Z6B;
				INFOPLIST_FILE = "$(SRCROOT)/MovieAssesment/Resources/Info.plist";
				LD_RUNPATH_SEARCH_PATHS = (
					"$(inherited)",
					"@executable_path/Frameworks",
				);
				PRODUCT_BUNDLE_IDENTIFIER = com.MovieAssesment.MovieAssesment;
				PRODUCT_NAME = "$(TARGET_NAME)";
				SWIFT_VERSION = 5.0;
				TARGETED_DEVICE_FAMILY = "1,2";
			};
			name = Debug;
		};
		6A3220FC22C66A6900F80D2D /* Release */ = {
			isa = XCBuildConfiguration;
			buildSettings = {
				ASSETCATALOG_COMPILER_APPICON_NAME = AppIcon;
				CODE_SIGN_STYLE = Automatic;
				DEVELOPMENT_TEAM = 899TSM5Z6B;
				INFOPLIST_FILE = "$(SRCROOT)/MovieAssesment/Resources/Info.plist";
				LD_RUNPATH_SEARCH_PATHS = (
					"$(inherited)",
					"@executable_path/Frameworks",
				);
				PRODUCT_BUNDLE_IDENTIFIER = com.MovieAssesment.MovieAssesment;
				PRODUCT_NAME = "$(TARGET_NAME)";
				SWIFT_VERSION = 5.0;
				TARGETED_DEVICE_FAMILY = "1,2";
			};
			name = Release;
		};
/* End XCBuildConfiguration section */

/* Begin XCConfigurationList section */
		6A3220E322C66A6800F80D2D /* Build configuration list for PBXProject "MovieAssesment" */ = {
			isa = XCConfigurationList;
			buildConfigurations = (
				6A3220F822C66A6900F80D2D /* Debug */,
				6A3220F922C66A6900F80D2D /* Release */,
			);
			defaultConfigurationIsVisible = 0;
			defaultConfigurationName = Release;
		};
		6A3220FA22C66A6900F80D2D /* Build configuration list for PBXNativeTarget "MovieAssesment" */ = {
			isa = XCConfigurationList;
			buildConfigurations = (
				6A3220FB22C66A6900F80D2D /* Debug */,
				6A3220FC22C66A6900F80D2D /* Release */,
			);
			defaultConfigurationIsVisible = 0;
			defaultConfigurationName = Release;
		};
/* End XCConfigurationList section */
	};
	rootObject = 6A3220E022C66A6800F80D2D /* Project object */;
}
